
Microsoft Visual Studio Solution File, Format Version 12.00
# Visual Studio Version 17
VisualStudioVersion = 17.12.35309.182
MinimumVisualStudioVersion = 10.0.40219.1
Project("{FAE04EC0-301F-11D3-BF4B-00C04F79EFBC}") = "SportsRideKlubSkovly.API", "SportsRideKlubSkovly.API\SportsRideKlubSkovly.API.csproj", "{58508C0C-76D1-49B3-842A-0EC3575AE8B5}"
EndProject
Project("{2150E333-8FDC-42A3-9474-1A3956D46DE8}") = "API", "API", "{49280EC6-0ED0-46CC-9392-317649410F3B}"
EndProject
Project("{2150E333-8FDC-42A3-9474-1A3956D46DE8}") = "User", "User", "{04F00BAE-5B7A-42B7-809E-50DA34727CE6}"
EndProject
Project("{FAE04EC0-301F-11D3-BF4B-00C04F79EFBC}") = "Module.User.Application", "Module.User.Application\Module.User.Application.csproj", "{345E6E1A-9EC0-4A70-AA98-08EA97A4E4E4}"
EndProject
Project("{FAE04EC0-301F-11D3-BF4B-00C04F79EFBC}") = "Module.User.Domain", "Module.User.Domain\Module.User.Domain.csproj", "{65B4BAB1-CA70-4DE7-BE40-D54CEC92A586}"
EndProject
Project("{FAE04EC0-301F-11D3-BF4B-00C04F79EFBC}") = "Module.User.Infrastructure", "Module.User.Infrastructure\Module.User.Infrastructure.csproj", "{769959D4-E0A8-4091-8CE1-A0CCED102407}"
EndProject
Project("{FAE04EC0-301F-11D3-BF4B-00C04F79EFBC}") = "Module.User.Domain.Test", "Module.User.Domain.Test\Module.User.Domain.Test.csproj", "{D2342778-C656-44E4-85CA-8AE8CB36EDD3}"
EndProject
Project("{2150E333-8FDC-42A3-9474-1A3956D46DE8}") = "Shared", "Shared", "{06C4F906-4B53-4032-9A14-A3339ED80055}"
EndProject
Project("{2150E333-8FDC-42A3-9474-1A3956D46DE8}") = "Modules", "Modules", "{CFCF1235-D505-47D1-BBD3-A4A1AE339932}"
EndProject
Project("{FAE04EC0-301F-11D3-BF4B-00C04F79EFBC}") = "Module.User", "Module.User\Module.User.csproj", "{A205C8D3-EFFD-4B46-A2B8-38B7668ED1A4}"
EndProject
Project("{FAE04EC0-301F-11D3-BF4B-00C04F79EFBC}") = "Module.Shared", "Module.Shared\Module.Shared.csproj", "{ACC55308-6169-4F01-98AF-4BF1BC603DA4}"
EndProject
Project("{2150E333-8FDC-42A3-9474-1A3956D46DE8}") = "Solution Items", "Solution Items", "{3419A8E6-49C1-4FFF-B544-007223F79C12}"
	ProjectSection(SolutionItems) = preProject
		docker-compose.yml = docker-compose.yml
	EndProjectSection
EndProject
Project("{FAE04EC0-301F-11D3-BF4B-00C04F79EFBC}") = "SportsRidingClubSkovly.Web", "SportsRidingClubSkovly.Web\SportsRidingClubSkovly.Web\SportsRidingClubSkovly.Web.csproj", "{A4BD2319-A889-4563-96C5-E0EF13A6608B}"
EndProject
Project("{FAE04EC0-301F-11D3-BF4B-00C04F79EFBC}") = "SportsRidingClubSkovly.Web.Client", "SportsRidingClubSkovly.Web\SportsRidingClubSkovly.Web.Client\SportsRidingClubSkovly.Web.Client.csproj", "{816108EF-4BA1-4CEC-867A-E55B1C9995D1}"
EndProject
Global
	GlobalSection(SolutionConfigurationPlatforms) = preSolution
		Debug|Any CPU = Debug|Any CPU
		Release|Any CPU = Release|Any CPU
	EndGlobalSection
	GlobalSection(ProjectConfigurationPlatforms) = postSolution
		{58508C0C-76D1-49B3-842A-0EC3575AE8B5}.Debug|Any CPU.ActiveCfg = Debug|Any CPU
		{58508C0C-76D1-49B3-842A-0EC3575AE8B5}.Debug|Any CPU.Build.0 = Debug|Any CPU
		{58508C0C-76D1-49B3-842A-0EC3575AE8B5}.Release|Any CPU.ActiveCfg = Release|Any CPU
		{58508C0C-76D1-49B3-842A-0EC3575AE8B5}.Release|Any CPU.Build.0 = Release|Any CPU
		{345E6E1A-9EC0-4A70-AA98-08EA97A4E4E4}.Debug|Any CPU.ActiveCfg = Debug|Any CPU
		{345E6E1A-9EC0-4A70-AA98-08EA97A4E4E4}.Debug|Any CPU.Build.0 = Debug|Any CPU
		{345E6E1A-9EC0-4A70-AA98-08EA97A4E4E4}.Release|Any CPU.ActiveCfg = Release|Any CPU
		{345E6E1A-9EC0-4A70-AA98-08EA97A4E4E4}.Release|Any CPU.Build.0 = Release|Any CPU
		{65B4BAB1-CA70-4DE7-BE40-D54CEC92A586}.Debug|Any CPU.ActiveCfg = Debug|Any CPU
		{65B4BAB1-CA70-4DE7-BE40-D54CEC92A586}.Debug|Any CPU.Build.0 = Debug|Any CPU
		{65B4BAB1-CA70-4DE7-BE40-D54CEC92A586}.Release|Any CPU.ActiveCfg = Release|Any CPU
		{65B4BAB1-CA70-4DE7-BE40-D54CEC92A586}.Release|Any CPU.Build.0 = Release|Any CPU
		{769959D4-E0A8-4091-8CE1-A0CCED102407}.Debug|Any CPU.ActiveCfg = Debug|Any CPU
		{769959D4-E0A8-4091-8CE1-A0CCED102407}.Debug|Any CPU.Build.0 = Debug|Any CPU
		{769959D4-E0A8-4091-8CE1-A0CCED102407}.Release|Any CPU.ActiveCfg = Release|Any CPU
		{769959D4-E0A8-4091-8CE1-A0CCED102407}.Release|Any CPU.Build.0 = Release|Any CPU
		{D2342778-C656-44E4-85CA-8AE8CB36EDD3}.Debug|Any CPU.ActiveCfg = Debug|Any CPU
		{D2342778-C656-44E4-85CA-8AE8CB36EDD3}.Debug|Any CPU.Build.0 = Debug|Any CPU
		{D2342778-C656-44E4-85CA-8AE8CB36EDD3}.Release|Any CPU.ActiveCfg = Release|Any CPU
		{D2342778-C656-44E4-85CA-8AE8CB36EDD3}.Release|Any CPU.Build.0 = Release|Any CPU
		{A205C8D3-EFFD-4B46-A2B8-38B7668ED1A4}.Debug|Any CPU.ActiveCfg = Debug|Any CPU
		{A205C8D3-EFFD-4B46-A2B8-38B7668ED1A4}.Debug|Any CPU.Build.0 = Debug|Any CPU
		{A205C8D3-EFFD-4B46-A2B8-38B7668ED1A4}.Release|Any CPU.ActiveCfg = Release|Any CPU
		{A205C8D3-EFFD-4B46-A2B8-38B7668ED1A4}.Release|Any CPU.Build.0 = Release|Any CPU
		{ACC55308-6169-4F01-98AF-4BF1BC603DA4}.Debug|Any CPU.ActiveCfg = Debug|Any CPU
		{ACC55308-6169-4F01-98AF-4BF1BC603DA4}.Debug|Any CPU.Build.0 = Debug|Any CPU
		{ACC55308-6169-4F01-98AF-4BF1BC603DA4}.Release|Any CPU.ActiveCfg = Release|Any CPU
		{ACC55308-6169-4F01-98AF-4BF1BC603DA4}.Release|Any CPU.Build.0 = Release|Any CPU
		{A4BD2319-A889-4563-96C5-E0EF13A6608B}.Debug|Any CPU.ActiveCfg = Debug|Any CPU
		{A4BD2319-A889-4563-96C5-E0EF13A6608B}.Debug|Any CPU.Build.0 = Debug|Any CPU
		{A4BD2319-A889-4563-96C5-E0EF13A6608B}.Release|Any CPU.ActiveCfg = Release|Any CPU
		{A4BD2319-A889-4563-96C5-E0EF13A6608B}.Release|Any CPU.Build.0 = Release|Any CPU
		{816108EF-4BA1-4CEC-867A-E55B1C9995D1}.Debug|Any CPU.ActiveCfg = Debug|Any CPU
		{816108EF-4BA1-4CEC-867A-E55B1C9995D1}.Debug|Any CPU.Build.0 = Debug|Any CPU
		{816108EF-4BA1-4CEC-867A-E55B1C9995D1}.Release|Any CPU.ActiveCfg = Release|Any CPU
		{816108EF-4BA1-4CEC-867A-E55B1C9995D1}.Release|Any CPU.Build.0 = Release|Any CPU
	EndGlobalSection
	GlobalSection(SolutionProperties) = preSolution
		HideSolutionNode = FALSE
	EndGlobalSection
	GlobalSection(NestedProjects) = preSolution
		{58508C0C-76D1-49B3-842A-0EC3575AE8B5} = {49280EC6-0ED0-46CC-9392-317649410F3B}
		{04F00BAE-5B7A-42B7-809E-50DA34727CE6} = {CFCF1235-D505-47D1-BBD3-A4A1AE339932}
		{345E6E1A-9EC0-4A70-AA98-08EA97A4E4E4} = {04F00BAE-5B7A-42B7-809E-50DA34727CE6}
		{65B4BAB1-CA70-4DE7-BE40-D54CEC92A586} = {04F00BAE-5B7A-42B7-809E-50DA34727CE6}
		{769959D4-E0A8-4091-8CE1-A0CCED102407} = {04F00BAE-5B7A-42B7-809E-50DA34727CE6}
		{D2342778-C656-44E4-85CA-8AE8CB36EDD3} = {04F00BAE-5B7A-42B7-809E-50DA34727CE6}
		{06C4F906-4B53-4032-9A14-A3339ED80055} = {CFCF1235-D505-47D1-BBD3-A4A1AE339932}
		{CFCF1235-D505-47D1-BBD3-A4A1AE339932} = {49280EC6-0ED0-46CC-9392-317649410F3B}
		{A205C8D3-EFFD-4B46-A2B8-38B7668ED1A4} = {04F00BAE-5B7A-42B7-809E-50DA34727CE6}
		{ACC55308-6169-4F01-98AF-4BF1BC603DA4} = {06C4F906-4B53-4032-9A14-A3339ED80055}
	EndGlobalSection
	GlobalSection(ExtensibilityGlobals) = postSolution
		SolutionGuid = {8058C6FD-3F22-4444-8313-75B5D1C735D2}
	EndGlobalSection
EndGlobal
